// !$*UTF8*$!
{
	archiveVersion = 1;
	classes = {
	};
	objectVersion = 56;
	objects = {

/* Begin PBXBuildFile section */
		AB3D82A929219DD8007B1C27 /* Daily_QuoteApp.swift in Sources */ = {isa = PBXBuildFile; fileRef = AB3D82A829219DD8007B1C27 /* Daily_QuoteApp.swift */; };
		AB3D82AB29219DD8007B1C27 /* ContentView.swift in Sources */ = {isa = PBXBuildFile; fileRef = AB3D82AA29219DD8007B1C27 /* ContentView.swift */; };
		AB3D82AD29219DDA007B1C27 /* Assets.xcassets in Resources */ = {isa = PBXBuildFile; fileRef = AB3D82AC29219DDA007B1C27 /* Assets.xcassets */; };
		AB3D82B029219DDA007B1C27 /* Preview Assets.xcassets in Resources */ = {isa = PBXBuildFile; fileRef = AB3D82AF29219DDA007B1C27 /* Preview Assets.xcassets */; };
		ABA2A2562926EF8E00FD3D5F /* FavoritesView.swift in Sources */ = {isa = PBXBuildFile; fileRef = ABA2A2552926EF8E00FD3D5F /* FavoritesView.swift */; };
		ABB4715129219F1E00E62A48 /* Quote.swift in Sources */ = {isa = PBXBuildFile; fileRef = ABB4715029219F1E00E62A48 /* Quote.swift */; };
		ABB471532921A02B00E62A48 /* ModelData.swift in Sources */ = {isa = PBXBuildFile; fileRef = ABB471522921A02B00E62A48 /* ModelData.swift */; };
		ABB471572921A3E000E62A48 /* quotes.json in Resources */ = {isa = PBXBuildFile; fileRef = ABB471562921A3E000E62A48 /* quotes.json */; };
		ABB4715D2921A87600E62A48 /* CalendarView.swift in Sources */ = {isa = PBXBuildFile; fileRef = ABB4715C2921A87600E62A48 /* CalendarView.swift */; };
		ABB4715F2921AE8700E62A48 /* QuoteView.swift in Sources */ = {isa = PBXBuildFile; fileRef = ABB4715E2921AE8700E62A48 /* QuoteView.swift */; };
/* End PBXBuildFile section */

/* Begin PBXFileReference section */
		AB3D82A529219DD8007B1C27 /* Daily Quote.app */ = {isa = PBXFileReference; explicitFileType = wrapper.application; includeInIndex = 0; path = "Daily Quote.app"; sourceTree = BUILT_PRODUCTS_DIR; };
		AB3D82A829219DD8007B1C27 /* Daily_QuoteApp.swift */ = {isa = PBXFileReference; lastKnownFileType = sourcecode.swift; path = Daily_QuoteApp.swift; sourceTree = "<group>"; };
		AB3D82AA29219DD8007B1C27 /* ContentView.swift */ = {isa = PBXFileReference; lastKnownFileType = sourcecode.swift; path = ContentView.swift; sourceTree = "<group>"; };
		AB3D82AC29219DDA007B1C27 /* Assets.xcassets */ = {isa = PBXFileReference; lastKnownFileType = folder.assetcatalog; path = Assets.xcassets; sourceTree = "<group>"; };
		AB3D82AF29219DDA007B1C27 /* Preview Assets.xcassets */ = {isa = PBXFileReference; lastKnownFileType = folder.assetcatalog; path = "Preview Assets.xcassets"; sourceTree = "<group>"; };
		ABA2A2552926EF8E00FD3D5F /* FavoritesView.swift */ = {isa = PBXFileReference; lastKnownFileType = sourcecode.swift; path = FavoritesView.swift; sourceTree = "<group>"; };
		ABB4715029219F1E00E62A48 /* Quote.swift */ = {isa = PBXFileReference; lastKnownFileType = sourcecode.swift; path = Quote.swift; sourceTree = "<group>"; };
		ABB471522921A02B00E62A48 /* ModelData.swift */ = {isa = PBXFileReference; lastKnownFileType = sourcecode.swift; path = ModelData.swift; sourceTree = "<group>"; };
		ABB471562921A3E000E62A48 /* quotes.json */ = {isa = PBXFileReference; fileEncoding = 4; lastKnownFileType = text.json; path = quotes.json; sourceTree = "<group>"; };
		ABB4715C2921A87600E62A48 /* CalendarView.swift */ = {isa = PBXFileReference; lastKnownFileType = sourcecode.swift; path = CalendarView.swift; sourceTree = "<group>"; };
		ABB4715E2921AE8700E62A48 /* QuoteView.swift */ = {isa = PBXFileReference; lastKnownFileType = sourcecode.swift; path = QuoteView.swift; sourceTree = "<group>"; };
/* End PBXFileReference section */

/* Begin PBXFrameworksBuildPhase section */
		AB3D82A229219DD8007B1C27 /* Frameworks */ = {
			isa = PBXFrameworksBuildPhase;
			buildActionMask = 2147483647;
			files = (
			);
			runOnlyForDeploymentPostprocessing = 0;
		};
/* End PBXFrameworksBuildPhase section */

/* Begin PBXGroup section */
		AB3D829C29219DD8007B1C27 = {
			isa = PBXGroup;
			children = (
				AB3D82A729219DD8007B1C27 /* Daily Quote */,
				AB3D82A629219DD8007B1C27 /* Products */,
			);
			sourceTree = "<group>";
		};
		AB3D82A629219DD8007B1C27 /* Products */ = {
			isa = PBXGroup;
			children = (
				AB3D82A529219DD8007B1C27 /* Daily Quote.app */,
			);
			name = Products;
			sourceTree = "<group>";
		};
		AB3D82A729219DD8007B1C27 /* Daily Quote */ = {
			isa = PBXGroup;
			children = (
				AB3D82A829219DD8007B1C27 /* Daily_QuoteApp.swift */,
				AB3D82AA29219DD8007B1C27 /* ContentView.swift */,
				ABA2A2592927038500FD3D5F /* Views */,
				ABA2A25A2927038F00FD3D5F /* Model */,
				ABA2A25C292703D100FD3D5F /* Resources */,
				AB3D82AC29219DDA007B1C27 /* Assets.xcassets */,
				AB3D82AE29219DDA007B1C27 /* Preview Content */,
			);
			path = "Daily Quote";
			sourceTree = "<group>";
		};
		AB3D82AE29219DDA007B1C27 /* Preview Content */ = {
			isa = PBXGroup;
			children = (
				AB3D82AF29219DDA007B1C27 /* Preview Assets.xcassets */,
			);
			path = "Preview Content";
			sourceTree = "<group>";
		};
		ABA2A2592927038500FD3D5F /* Views */ = {
			isa = PBXGroup;
			children = (
				ABB4715C2921A87600E62A48 /* CalendarView.swift */,
				ABA2A2552926EF8E00FD3D5F /* FavoritesView.swift */,
				ABB4715E2921AE8700E62A48 /* QuoteView.swift */,
			);
			path = Views;
			sourceTree = "<group>";
		};
		ABA2A25A2927038F00FD3D5F /* Model */ = {
			isa = PBXGroup;
			children = (
				ABB4715029219F1E00E62A48 /* Quote.swift */,
				ABB471522921A02B00E62A48 /* ModelData.swift */,
			);
			path = Model;
			sourceTree = "<group>";
		};
		ABA2A25C292703D100FD3D5F /* Resources */ = {
			isa = PBXGroup;
			children = (
				ABB471562921A3E000E62A48 /* quotes.json */,
			);
			path = Resources;
			sourceTree = "<group>";
		};
/* End PBXGroup section */

/* Begin PBXNativeTarget section */
		AB3D82A429219DD8007B1C27 /* Daily Quote */ = {
			isa = PBXNativeTarget;
			buildConfigurationList = AB3D82B329219DDA007B1C27 /* Build configuration list for PBXNativeTarget "Daily Quote" */;
			buildPhases = (
				AB3D82A129219DD8007B1C27 /* Sources */,
				AB3D82A229219DD8007B1C27 /* Frameworks */,
				AB3D82A329219DD8007B1C27 /* Resources */,
			);
			buildRules = (
			);
			dependencies = (
			);
			name = "Daily Quote";
			productName = "Daily Quote";
			productReference = AB3D82A529219DD8007B1C27 /* Daily Quote.app */;
			productType = "com.apple.product-type.application";
		};
/* End PBXNativeTarget section */

/* Begin PBXProject section */
		AB3D829D29219DD8007B1C27 /* Project object */ = {
			isa = PBXProject;
			attributes = {
				BuildIndependentTargetsInParallel = 1;
				LastSwiftUpdateCheck = 1410;
				LastUpgradeCheck = 1410;
				TargetAttributes = {
					AB3D82A429219DD8007B1C27 = {
						CreatedOnToolsVersion = 14.1;
					};
				};
			};
			buildConfigurationList = AB3D82A029219DD8007B1C27 /* Build configuration list for PBXProject "Daily Quote" */;
			compatibilityVersion = "Xcode 14.0";
			developmentRegion = en;
			hasScannedForEncodings = 0;
			knownRegions = (
				en,
				Base,
			);
			mainGroup = AB3D829C29219DD8007B1C27;
			productRefGroup = AB3D82A629219DD8007B1C27 /* Products */;
			projectDirPath = "";
			projectRoot = "";
			targets = (
				AB3D82A429219DD8007B1C27 /* Daily Quote */,
			);
		};
/* End PBXProject section */

/* Begin PBXResourcesBuildPhase section */
		AB3D82A329219DD8007B1C27 /* Resources */ = {
			isa = PBXResourcesBuildPhase;
			buildActionMask = 2147483647;
			files = (
				ABB471572921A3E000E62A48 /* quotes.json in Resources */,
				AB3D82B029219DDA007B1C27 /* Preview Assets.xcassets in Resources */,
				AB3D82AD29219DDA007B1C27 /* Assets.xcassets in Resources */,
			);
			runOnlyForDeploymentPostprocessing = 0;
		};
/* End PBXResourcesBuildPhase section */

/* Begin PBXSourcesBuildPhase section */
		AB3D82A129219DD8007B1C27 /* Sources */ = {
			isa = PBXSourcesBuildPhase;
			buildActionMask = 2147483647;
			files = (
				ABB4715D2921A87600E62A48 /* CalendarView.swift in Sources */,
				ABB4715F2921AE8700E62A48 /* QuoteView.swift in Sources */,
				AB3D82AB29219DD8007B1C27 /* ContentView.swift in Sources */,
				ABB4715129219F1E00E62A48 /* Quote.swift in Sources */,
				ABA2A2562926EF8E00FD3D5F /* FavoritesView.swift in Sources */,
				AB3D82A929219DD8007B1C27 /* Daily_QuoteApp.swift in Sources */,
				ABB471532921A02B00E62A48 /* ModelData.swift in Sources */,
			);
			runOnlyForDeploymentPostprocessing = 0;
		};
/* End PBXSourcesBuildPhase section */

/* Begin XCBuildConfiguration section */
		AB3D82B129219DDA007B1C27 /* Debug */ = {
			isa = XCBuildConfiguration;
			buildSettings = {
				ALWAYS_SEARCH_USER_PATHS = NO;
				CLANG_ANALYZER_NONNULL = YES;
				CLANG_ANALYZER_NUMBER_OBJECT_CONVERSION = YES_AGGRESSIVE;
				CLANG_CXX_LANGUAGE_STANDARD = "gnu++20";
				CLANG_ENABLE_MODULES = YES;
				CLANG_ENABLE_OBJC_ARC = YES;
				CLANG_ENABLE_OBJC_WEAK = YES;
				CLANG_WARN_BLOCK_CAPTURE_AUTORELEASING = YES;
				CLANG_WARN_BOOL_CONVERSION = YES;
				CLANG_WARN_COMMA = YES;
				CLANG_WARN_CONSTANT_CONVERSION = YES;
				CLANG_WARN_DEPRECATED_OBJC_IMPLEMENTATIONS = YES;
				CLANG_WARN_DIRECT_OBJC_ISA_USAGE = YES_ERROR;
				CLANG_WARN_DOCUMENTATION_COMMENTS = YES;
				CLANG_WARN_EMPTY_BODY = YES;
				CLANG_WARN_ENUM_CONVERSION = YES;
				CLANG_WARN_INFINITE_RECURSION = YES;
				CLANG_WARN_INT_CONVERSION = YES;
				CLANG_WARN_NON_LITERAL_NULL_CONVERSION = YES;
				CLANG_WARN_OBJC_IMPLICIT_RETAIN_SELF = YES;
				CLANG_WARN_OBJC_LITERAL_CONVERSION = YES;
				CLANG_WARN_OBJC_ROOT_CLASS = YES_ERROR;
				CLANG_WARN_QUOTED_INCLUDE_IN_FRAMEWORK_HEADER = YES;
				CLANG_WARN_RANGE_LOOP_ANALYSIS = YES;
				CLANG_WARN_STRICT_PROTOTYPES = YES;
				CLANG_WARN_SUSPICIOUS_MOVE = YES;
				CLANG_WARN_UNGUARDED_AVAILABILITY = YES_AGGRESSIVE;
				CLANG_WARN_UNREACHABLE_CODE = YES;
				CLANG_WARN__DUPLICATE_METHOD_MATCH = YES;
				COPY_PHASE_STRIP = NO;
				DEBUG_INFORMATION_FORMAT = dwarf;
				ENABLE_STRICT_OBJC_MSGSEND = YES;
				ENABLE_TESTABILITY = YES;
				GCC_C_LANGUAGE_STANDARD = gnu11;
				GCC_DYNAMIC_NO_PIC = NO;
				GCC_NO_COMMON_BLOCKS = YES;
				GCC_OPTIMIZATION_LEVEL = 0;
				GCC_PREPROCESSOR_DEFINITIONS = (
					"DEBUG=1",
					"$(inherited)",
				);
				GCC_WARN_64_TO_32_BIT_CONVERSION = YES;
				GCC_WARN_ABOUT_RETURN_TYPE = YES_ERROR;
				GCC_WARN_UNDECLARED_SELECTOR = YES;
				GCC_WARN_UNINITIALIZED_AUTOS = YES_AGGRESSIVE;
				GCC_WARN_UNUSED_FUNCTION = YES;
				GCC_WARN_UNUSED_VARIABLE = YES;
				IPHONEOS_DEPLOYMENT_TARGET = 16.1;
				MTL_ENABLE_DEBUG_INFO = INCLUDE_SOURCE;
				MTL_FAST_MATH = YES;
				ONLY_ACTIVE_ARCH = YES;
				SDKROOT = iphoneos;
				SWIFT_ACTIVE_COMPILATION_CONDITIONS = DEBUG;
				SWIFT_OPTIMIZATION_LEVEL = "-Onone";
			};
			name = Debug;
		};
		AB3D82B229219DDA007B1C27 /* Release */ = {
			isa = XCBuildConfiguration;
			buildSettings = {
				ALWAYS_SEARCH_USER_PATHS = NO;
				CLANG_ANALYZER_NONNULL = YES;
				CLANG_ANALYZER_NUMBER_OBJECT_CONVERSION = YES_AGGRESSIVE;
				CLANG_CXX_LANGUAGE_STANDARD = "gnu++20";
				CLANG_ENABLE_MODULES = YES;
				CLANG_ENABLE_OBJC_ARC = YES;
				CLANG_ENABLE_OBJC_WEAK = YES;
				CLANG_WARN_BLOCK_CAPTURE_AUTORELEASING = YES;
				CLANG_WARN_BOOL_CONVERSION = YES;
				CLANG_WARN_COMMA = YES;
				CLANG_WARN_CONSTANT_CONVERSION = YES;
				CLANG_WARN_DEPRECATED_OBJC_IMPLEMENTATIONS = YES;
				CLANG_WARN_DIRECT_OBJC_ISA_USAGE = YES_ERROR;
				CLANG_WARN_DOCUMENTATION_COMMENTS = YES;
				CLANG_WARN_EMPTY_BODY = YES;
				CLANG_WARN_ENUM_CONVERSION = YES;
				CLANG_WARN_INFINITE_RECURSION = YES;
				CLANG_WARN_INT_CONVERSION = YES;
				CLANG_WARN_NON_LITERAL_NULL_CONVERSION = YES;
				CLANG_WARN_OBJC_IMPLICIT_RETAIN_SELF = YES;
				CLANG_WARN_OBJC_LITERAL_CONVERSION = YES;
				CLANG_WARN_OBJC_ROOT_CLASS = YES_ERROR;
				CLANG_WARN_QUOTED_INCLUDE_IN_FRAMEWORK_HEADER = YES;
				CLANG_WARN_RANGE_LOOP_ANALYSIS = YES;
				CLANG_WARN_STRICT_PROTOTYPES = YES;
				CLANG_WARN_SUSPICIOUS_MOVE = YES;
				CLANG_WARN_UNGUARDED_AVAILABILITY = YES_AGGRESSIVE;
				CLANG_WARN_UNREACHABLE_CODE = YES;
				CLANG_WARN__DUPLICATE_METHOD_MATCH = YES;
				COPY_PHASE_STRIP = NO;
				DEBUG_INFORMATION_FORMAT = "dwarf-with-dsym";
				ENABLE_NS_ASSERTIONS = NO;
				ENABLE_STRICT_OBJC_MSGSEND = YES;
				GCC_C_LANGUAGE_STANDARD = gnu11;
				GCC_NO_COMMON_BLOCKS = YES;
				GCC_WARN_64_TO_32_BIT_CONVERSION = YES;
				GCC_WARN_ABOUT_RETURN_TYPE = YES_ERROR;
				GCC_WARN_UNDECLARED_SELECTOR = YES;
				GCC_WARN_UNINITIALIZED_AUTOS = YES_AGGRESSIVE;
				GCC_WARN_UNUSED_FUNCTION = YES;
				GCC_WARN_UNUSED_VARIABLE = YES;
				IPHONEOS_DEPLOYMENT_TARGET = 16.1;
				MTL_ENABLE_DEBUG_INFO = NO;
				MTL_FAST_MATH = YES;
				SDKROOT = iphoneos;
				SWIFT_COMPILATION_MODE = wholemodule;
				SWIFT_OPTIMIZATION_LEVEL = "-O";
				VALIDATE_PRODUCT = YES;
			};
			name = Release;
		};
		AB3D82B429219DDA007B1C27 /* Debug */ = {
			isa = XCBuildConfiguration;
			buildSettings = {
				ASSETCATALOG_COMPILER_APPICON_NAME = AppIcon;
				ASSETCATALOG_COMPILER_GLOBAL_ACCENT_COLOR_NAME = AccentColor;
				CODE_SIGN_STYLE = Automatic;
				CURRENT_PROJECT_VERSION = 1;
				DEVELOPMENT_ASSET_PATHS = "\"Daily Quote/Preview Content\"";
				DEVELOPMENT_TEAM = 6NW7CTZB43;
				ENABLE_PREVIEWS = YES;
				GENERATE_INFOPLIST_FILE = YES;
				INFOPLIST_KEY_UIApplicationSceneManifest_Generation = YES;
				INFOPLIST_KEY_UIApplicationSupportsIndirectInputEvents = YES;
				INFOPLIST_KEY_UILaunchScreen_Generation = YES;
				INFOPLIST_KEY_UISupportedInterfaceOrientations_iPad = "UIInterfaceOrientationPortrait UIInterfaceOrientationPortraitUpsideDown UIInterfaceOrientationLandscapeLeft UIInterfaceOrientationLandscapeRight";
				INFOPLIST_KEY_UISupportedInterfaceOrientations_iPhone = "UIInterfaceOrientationPortrait UIInterfaceOrientationLandscapeLeft UIInterfaceOrientationLandscapeRight";
				LD_RUNPATH_SEARCH_PATHS = (
					"$(inherited)",
					"@executable_path/Frameworks",
				);
				MARKETING_VERSION = 1.0;
				PRODUCT_BUNDLE_IDENTIFIER = "com.bradychin.Daily-Quote";
				PRODUCT_NAME = "$(TARGET_NAME)";
				SWIFT_EMIT_LOC_STRINGS = YES;
				SWIFT_VERSION = 5.0;
				TARGETED_DEVICE_FAMILY = "1,2";
			};
			name = Debug;
		};
		AB3D82B529219DDA007B1C27 /* Release */ = {
			isa = XCBuildConfiguration;
			buildSettings = {
				ASSETCATALOG_COMPILER_APPICON_NAME = AppIcon;
				ASSETCATALOG_COMPILER_GLOBAL_ACCENT_COLOR_NAME = AccentColor;
				CODE_SIGN_STYLE = Automatic;
				CURRENT_PROJECT_VERSION = 1;
				DEVELOPMENT_ASSET_PATHS = "\"Daily Quote/Preview Content\"";
				DEVELOPMENT_TEAM = 6NW7CTZB43;
				ENABLE_PREVIEWS = YES;
				GENERATE_INFOPLIST_FILE = YES;
				INFOPLIST_KEY_UIApplicationSceneManifest_Generation = YES;
				INFOPLIST_KEY_UIApplicationSupportsIndirectInputEvents = YES;
				INFOPLIST_KEY_UILaunchScreen_Generation = YES;
				INFOPLIST_KEY_UISupportedInterfaceOrientations_iPad = "UIInterfaceOrientationPortrait UIInterfaceOrientationPortraitUpsideDown UIInterfaceOrientationLandscapeLeft UIInterfaceOrientationLandscapeRight";
				INFOPLIST_KEY_UISupportedInterfaceOrientations_iPhone = "UIInterfaceOrientationPortrait UIInterfaceOrientationLandscapeLeft UIInterfaceOrientationLandscapeRight";
				LD_RUNPATH_SEARCH_PATHS = (
					"$(inherited)",
					"@executable_path/Frameworks",
				);
				MARKETING_VERSION = 1.0;
				PRODUCT_BUNDLE_IDENTIFIER = "com.bradychin.Daily-Quote";
				PRODUCT_NAME = "$(TARGET_NAME)";
				SWIFT_EMIT_LOC_STRINGS = YES;
				SWIFT_VERSION = 5.0;
				TARGETED_DEVICE_FAMILY = "1,2";
			};
			name = Release;
		};
/* End XCBuildConfiguration section */

/* Begin XCConfigurationList section */
		AB3D82A029219DD8007B1C27 /* Build configuration list for PBXProject "Daily Quote" */ = {
			isa = XCConfigurationList;
			buildConfigurations = (
				AB3D82B129219DDA007B1C27 /* Debug */,
				AB3D82B229219DDA007B1C27 /* Release */,
			);
			defaultConfigurationIsVisible = 0;
			defaultConfigurationName = Release;
		};
		AB3D82B329219DDA007B1C27 /* Build configuration list for PBXNativeTarget "Daily Quote" */ = {
			isa = XCConfigurationList;
			buildConfigurations = (
				AB3D82B429219DDA007B1C27 /* Debug */,
				AB3D82B529219DDA007B1C27 /* Release */,
			);
			defaultConfigurationIsVisible = 0;
			defaultConfigurationName = Release;
		};
/* End XCConfigurationList section */
	};
	rootObject = AB3D829D29219DD8007B1C27 /* Project object */;
}
